
Microsoft Visual Studio Solution File, Format Version 12.00
# Visual Studio Version 16
VisualStudioVersion = 16.0.30330.147
MinimumVisualStudioVersion = 10.0.40219.1
Project("{FAE04EC0-301F-11D3-BF4B-00C04F79EFBC}") = "ORM.Project", "ORM.Project\ORM.Project.csproj", "{B3EB36C7-5B2F-4E84-921E-E0BC94A2814B}"
EndProject
Global
	GlobalSection(SolutionConfigurationPlatforms) = preSolution
		Debug|Any CPU = Debug|Any CPU
		Release|Any CPU = Release|Any CPU
	EndGlobalSection
	GlobalSection(ProjectConfigurationPlatforms) = postSolution
		{B3EB36C7-5B2F-4E84-921E-E0BC94A2814B}.Debug|Any CPU.ActiveCfg = Debug|Any CPU
		{B3EB36C7-5B2F-4E84-921E-E0BC94A2814B}.Debug|Any CPU.Build.0 = Debug|Any CPU
		{B3EB36C7-5B2F-4E84-921E-E0BC94A2814B}.Release|Any CPU.ActiveCfg = Release|Any CPU
		{B3EB36C7-5B2F-4E84-921E-E0BC94A2814B}.Release|Any CPU.Build.0 = Release|Any CPU
	EndGlobalSection
	GlobalSection(SolutionProperties) = preSolution
		HideSolutionNode = FALSE
	EndGlobalSection
	GlobalSection(ExtensibilityGlobals) = postSolution
		SolutionGuid = {EE6728BD-0689-41EF-9605-12458C9F124F}
	EndGlobalSection
EndGlobal
